
Microsoft Visual Studio Solution File, Format Version 12.00
# Visual Studio Version 16
VisualStudioVersion = 16.0.30907.101
MinimumVisualStudioVersion = 10.0.40219.1
Project("{FAE04EC0-301F-11D3-BF4B-00C04F79EFBC}") = "Spindle_Ledger", "Spindle_Ledger\Spindle_Ledger.csproj", "{AE8024B7-33F4-4A8C-AD71-DC12F06F18F7}"
EndProject
Global
	GlobalSection(SolutionConfigurationPlatforms) = preSolution
		Debug|Any CPU = Debug|Any CPU
		Release|Any CPU = Release|Any CPU
	EndGlobalSection
	GlobalSection(ProjectConfigurationPlatforms) = postSolution
		{AE8024B7-33F4-4A8C-AD71-DC12F06F18F7}.Debug|Any CPU.ActiveCfg = Debug|Any CPU
		{AE8024B7-33F4-4A8C-AD71-DC12F06F18F7}.Debug|Any CPU.Build.0 = Debug|Any CPU
		{AE8024B7-33F4-4A8C-AD71-DC12F06F18F7}.Release|Any CPU.ActiveCfg = Release|Any CPU
		{AE8024B7-33F4-4A8C-AD71-DC12F06F18F7}.Release|Any CPU.Build.0 = Release|Any CPU
	EndGlobalSection
	GlobalSection(SolutionProperties) = preSolution
		HideSolutionNode = FALSE
	EndGlobalSection
	GlobalSection(ExtensibilityGlobals) = postSolution
		SolutionGuid = {730ECBFC-0D1C-422E-A1FB-51F9802E66D6}
	EndGlobalSection
EndGlobal
